
Microsoft Visual Studio Solution File, Format Version 12.00
# Visual Studio Version 17
VisualStudioVersion = 17.0.31612.314
MinimumVisualStudioVersion = 10.0.40219.1
Project("{2150E333-8FDC-42A3-9474-1A3956D46DE8}") = "test", "test", "{70DB262A-9F57-43AC-B0F3-B8B10901ABCA}"
EndProject
Project("{2150E333-8FDC-42A3-9474-1A3956D46DE8}") = "src", "src", "{DD69B5DD-4BA7-4095-BCAA-D8C86A7FD3CD}"
EndProject
Project("{9A19103F-16F7-4668-BE54-9A1E7A4F7556}") = "ThaiRomanizationSharp.Tltk", "src\ThaiRomanizationSharp.Tltk\ThaiRomanizationSharp.Tltk.csproj", "{02A9C013-1F3F-426F-854A-329003B2BF76}"
EndProject
Project("{9A19103F-16F7-4668-BE54-9A1E7A4F7556}") = "ThaiRomanizationSharp.Tltk.Test", "test\ThaiRomanizationSharp.Tltk.Test\ThaiRomanizationSharp.Tltk.Test.csproj", "{2A7D3579-6186-4F3D-9B82-BFECCF0DEB58}"
EndProject
Global
	GlobalSection(SolutionConfigurationPlatforms) = preSolution
		Debug|Any CPU = Debug|Any CPU
		Release|Any CPU = Release|Any CPU
	EndGlobalSection
	GlobalSection(ProjectConfigurationPlatforms) = postSolution
		{02A9C013-1F3F-426F-854A-329003B2BF76}.Debug|Any CPU.ActiveCfg = Debug|Any CPU
		{02A9C013-1F3F-426F-854A-329003B2BF76}.Debug|Any CPU.Build.0 = Debug|Any CPU
		{02A9C013-1F3F-426F-854A-329003B2BF76}.Release|Any CPU.ActiveCfg = Release|Any CPU
		{02A9C013-1F3F-426F-854A-329003B2BF76}.Release|Any CPU.Build.0 = Release|Any CPU
		{2A7D3579-6186-4F3D-9B82-BFECCF0DEB58}.Debug|Any CPU.ActiveCfg = Debug|Any CPU
		{2A7D3579-6186-4F3D-9B82-BFECCF0DEB58}.Debug|Any CPU.Build.0 = Debug|Any CPU
		{2A7D3579-6186-4F3D-9B82-BFECCF0DEB58}.Release|Any CPU.ActiveCfg = Release|Any CPU
		{2A7D3579-6186-4F3D-9B82-BFECCF0DEB58}.Release|Any CPU.Build.0 = Release|Any CPU
	EndGlobalSection
	GlobalSection(SolutionProperties) = preSolution
		HideSolutionNode = FALSE
	EndGlobalSection
	GlobalSection(NestedProjects) = preSolution
		{02A9C013-1F3F-426F-854A-329003B2BF76} = {DD69B5DD-4BA7-4095-BCAA-D8C86A7FD3CD}
		{2A7D3579-6186-4F3D-9B82-BFECCF0DEB58} = {70DB262A-9F57-43AC-B0F3-B8B10901ABCA}
	EndGlobalSection
	GlobalSection(ExtensibilityGlobals) = postSolution
		SolutionGuid = {34FDDEAF-DB25-4D9E-B58C-71E06AE35E5B}
	EndGlobalSection
EndGlobal
