
Microsoft Visual Studio Solution File, Format Version 12.00
# Visual Studio Version 16
VisualStudioVersion = 16.0.31410.357
MinimumVisualStudioVersion = 10.0.40219.1
Project("{9A19103F-16F7-4668-BE54-9A1E7A4F7556}") = "ThaiRomanizationSharp", "ThaiRomanizationSharp.csproj", "{74ADED8E-A16E-4A7F-9F72-963B856FAA0A}"
EndProject
Global
	GlobalSection(SolutionConfigurationPlatforms) = preSolution
		Debug|Any CPU = Debug|Any CPU
		Release|Any CPU = Release|Any CPU
	EndGlobalSection
	GlobalSection(ProjectConfigurationPlatforms) = postSolution
		{74ADED8E-A16E-4A7F-9F72-963B856FAA0A}.Debug|Any CPU.ActiveCfg = Debug|Any CPU
		{74ADED8E-A16E-4A7F-9F72-963B856FAA0A}.Debug|Any CPU.Build.0 = Debug|Any CPU
		{74ADED8E-A16E-4A7F-9F72-963B856FAA0A}.Release|Any CPU.ActiveCfg = Release|Any CPU
		{74ADED8E-A16E-4A7F-9F72-963B856FAA0A}.Release|Any CPU.Build.0 = Release|Any CPU
	EndGlobalSection
	GlobalSection(SolutionProperties) = preSolution
		HideSolutionNode = FALSE
	EndGlobalSection
	GlobalSection(ExtensibilityGlobals) = postSolution
		SolutionGuid = {D34A5979-9215-42B8-A08F-57FEC10FBECD}
	EndGlobalSection
EndGlobal
